
Microsoft Visual Studio Solution File, Format Version 12.00
# Visual Studio Version 16
VisualStudioVersion = 16.0.29806.167
MinimumVisualStudioVersion = 10.0.40219.1
Project("{FAE04EC0-301F-11D3-BF4B-00C04F79EFBC}") = "Text-Advenuture", "Text-Advenuture\Text-Advenuture.csproj", "{22343DEC-1686-428D-BF69-BD275016E5FA}"
EndProject
Global
	GlobalSection(SolutionConfigurationPlatforms) = preSolution
		Debug|Any CPU = Debug|Any CPU
		Release|Any CPU = Release|Any CPU
	EndGlobalSection
	GlobalSection(ProjectConfigurationPlatforms) = postSolution
		{22343DEC-1686-428D-BF69-BD275016E5FA}.Debug|Any CPU.ActiveCfg = Debug|Any CPU
		{22343DEC-1686-428D-BF69-BD275016E5FA}.Debug|Any CPU.Build.0 = Debug|Any CPU
		{22343DEC-1686-428D-BF69-BD275016E5FA}.Release|Any CPU.ActiveCfg = Release|Any CPU
		{22343DEC-1686-428D-BF69-BD275016E5FA}.Release|Any CPU.Build.0 = Release|Any CPU
	EndGlobalSection
	GlobalSection(SolutionProperties) = preSolution
		HideSolutionNode = FALSE
	EndGlobalSection
	GlobalSection(ExtensibilityGlobals) = postSolution
		SolutionGuid = {620A7D46-1740-49B4-9209-36A439ECDF00}
	EndGlobalSection
EndGlobal
